
Microsoft Visual Studio Solution File, Format Version 12.00
# Visual Studio Version 16
VisualStudioVersion = 16.0.32602.291
MinimumVisualStudioVersion = 10.0.40219.1
Project("{FAE04EC0-301F-11D3-BF4B-00C04F79EFBC}") = "Курсова", "Курсова.csproj", "{2E1913D0-C564-48EA-B00A-61F853DF19B9}"
EndProject
Global
	GlobalSection(SolutionConfigurationPlatforms) = preSolution
		Debug|Any CPU = Debug|Any CPU
		Release|Any CPU = Release|Any CPU
	EndGlobalSection
	GlobalSection(ProjectConfigurationPlatforms) = postSolution
		{2E1913D0-C564-48EA-B00A-61F853DF19B9}.Debug|Any CPU.ActiveCfg = Debug|Any CPU
		{2E1913D0-C564-48EA-B00A-61F853DF19B9}.Debug|Any CPU.Build.0 = Debug|Any CPU
		{2E1913D0-C564-48EA-B00A-61F853DF19B9}.Release|Any CPU.ActiveCfg = Release|Any CPU
		{2E1913D0-C564-48EA-B00A-61F853DF19B9}.Release|Any CPU.Build.0 = Release|Any CPU
	EndGlobalSection
	GlobalSection(SolutionProperties) = preSolution
		HideSolutionNode = FALSE
	EndGlobalSection
	GlobalSection(ExtensibilityGlobals) = postSolution
		SolutionGuid = {19DF2C89-7D28-4B84-ABEA-78A445466318}
	EndGlobalSection
EndGlobal
